
Microsoft Visual Studio Solution File, Format Version 12.00
# Visual Studio Version 17
VisualStudioVersion = 17.10.35004.147
MinimumVisualStudioVersion = 10.0.40219.1
Project("{FAE04EC0-301F-11D3-BF4B-00C04F79EFBC}") = "CirculoCoordenadas", "CirculoCoordenadas\CirculoCoordenadas.csproj", "{68BAAA1C-F975-454F-8864-A3BD0818F23F}"
EndProject
Global
	GlobalSection(SolutionConfigurationPlatforms) = preSolution
		Debug|Any CPU = Debug|Any CPU
		Release|Any CPU = Release|Any CPU
	EndGlobalSection
	GlobalSection(ProjectConfigurationPlatforms) = postSolution
		{68BAAA1C-F975-454F-8864-A3BD0818F23F}.Debug|Any CPU.ActiveCfg = Debug|Any CPU
		{68BAAA1C-F975-454F-8864-A3BD0818F23F}.Debug|Any CPU.Build.0 = Debug|Any CPU
		{68BAAA1C-F975-454F-8864-A3BD0818F23F}.Release|Any CPU.ActiveCfg = Release|Any CPU
		{68BAAA1C-F975-454F-8864-A3BD0818F23F}.Release|Any CPU.Build.0 = Release|Any CPU
	EndGlobalSection
	GlobalSection(SolutionProperties) = preSolution
		HideSolutionNode = FALSE
	EndGlobalSection
	GlobalSection(ExtensibilityGlobals) = postSolution
		SolutionGuid = {8E88B3CC-A50F-4D36-86B5-D05F28E3C6D7}
	EndGlobalSection
EndGlobal
